
Microsoft Visual Studio Solution File, Format Version 12.00
# Visual Studio Version 17
VisualStudioVersion = 17.11.35327.3
MinimumVisualStudioVersion = 10.0.40219.1
Project("{8BC9CEB8-8B4A-11D0-8D11-00A0C91BC942}") = "5-2 模板代码", "5-2 模板代码.vcxproj", "{39156300-D71B-4121-9497-D6AD5F891EBD}"
EndProject
Global
	GlobalSection(SolutionConfigurationPlatforms) = preSolution
		Debug|x64 = Debug|x64
		Debug|x86 = Debug|x86
		Release|x64 = Release|x64
		Release|x86 = Release|x86
	EndGlobalSection
	GlobalSection(ProjectConfigurationPlatforms) = postSolution
		{39156300-D71B-4121-9497-D6AD5F891EBD}.Debug|x64.ActiveCfg = Debug|x64
		{39156300-D71B-4121-9497-D6AD5F891EBD}.Debug|x64.Build.0 = Debug|x64
		{39156300-D71B-4121-9497-D6AD5F891EBD}.Debug|x86.ActiveCfg = Debug|Win32
		{39156300-D71B-4121-9497-D6AD5F891EBD}.Debug|x86.Build.0 = Debug|Win32
		{39156300-D71B-4121-9497-D6AD5F891EBD}.Release|x64.ActiveCfg = Release|x64
		{39156300-D71B-4121-9497-D6AD5F891EBD}.Release|x64.Build.0 = Release|x64
		{39156300-D71B-4121-9497-D6AD5F891EBD}.Release|x86.ActiveCfg = Release|Win32
		{39156300-D71B-4121-9497-D6AD5F891EBD}.Release|x86.Build.0 = Release|Win32
	EndGlobalSection
	GlobalSection(SolutionProperties) = preSolution
		HideSolutionNode = FALSE
	EndGlobalSection
	GlobalSection(ExtensibilityGlobals) = postSolution
		SolutionGuid = {2E2A49FB-F665-468C-904E-7A0B9A1D98DB}
	EndGlobalSection
EndGlobal
