
Microsoft Visual Studio Solution File, Format Version 12.00
# Visual Studio Version 17
VisualStudioVersion = 17.11.35327.3
MinimumVisualStudioVersion = 10.0.40219.1
Project("{8BC9CEB8-8B4A-11D0-8D11-00A0C91BC942}") = "9-2 模板代码", "9-2 模板代码.vcxproj", "{4F0749C0-266C-42A4-89C3-9DFC6190CBDC}"
EndProject
Global
	GlobalSection(SolutionConfigurationPlatforms) = preSolution
		Debug|x64 = Debug|x64
		Debug|x86 = Debug|x86
		Release|x64 = Release|x64
		Release|x86 = Release|x86
	EndGlobalSection
	GlobalSection(ProjectConfigurationPlatforms) = postSolution
		{4F0749C0-266C-42A4-89C3-9DFC6190CBDC}.Debug|x64.ActiveCfg = Debug|x64
		{4F0749C0-266C-42A4-89C3-9DFC6190CBDC}.Debug|x64.Build.0 = Debug|x64
		{4F0749C0-266C-42A4-89C3-9DFC6190CBDC}.Debug|x86.ActiveCfg = Debug|Win32
		{4F0749C0-266C-42A4-89C3-9DFC6190CBDC}.Debug|x86.Build.0 = Debug|Win32
		{4F0749C0-266C-42A4-89C3-9DFC6190CBDC}.Release|x64.ActiveCfg = Release|x64
		{4F0749C0-266C-42A4-89C3-9DFC6190CBDC}.Release|x64.Build.0 = Release|x64
		{4F0749C0-266C-42A4-89C3-9DFC6190CBDC}.Release|x86.ActiveCfg = Release|Win32
		{4F0749C0-266C-42A4-89C3-9DFC6190CBDC}.Release|x86.Build.0 = Release|Win32
	EndGlobalSection
	GlobalSection(SolutionProperties) = preSolution
		HideSolutionNode = FALSE
	EndGlobalSection
	GlobalSection(ExtensibilityGlobals) = postSolution
		SolutionGuid = {8FEDC89A-7515-429E-BA8A-D8F0CA35A2C8}
	EndGlobalSection
EndGlobal
