
Microsoft Visual Studio Solution File, Format Version 12.00
# Visual Studio Version 17
VisualStudioVersion = 17.11.35327.3
MinimumVisualStudioVersion = 10.0.40219.1
Project("{8BC9CEB8-8B4A-11D0-8D11-00A0C91BC942}") = "2-2-5 高精度除法", "2-2-5 高精度除法.vcxproj", "{9D17A08B-D5B7-490A-A88B-156D918B0737}"
EndProject
Global
	GlobalSection(SolutionConfigurationPlatforms) = preSolution
		Debug|x64 = Debug|x64
		Debug|x86 = Debug|x86
		Release|x64 = Release|x64
		Release|x86 = Release|x86
	EndGlobalSection
	GlobalSection(ProjectConfigurationPlatforms) = postSolution
		{9D17A08B-D5B7-490A-A88B-156D918B0737}.Debug|x64.ActiveCfg = Debug|x64
		{9D17A08B-D5B7-490A-A88B-156D918B0737}.Debug|x64.Build.0 = Debug|x64
		{9D17A08B-D5B7-490A-A88B-156D918B0737}.Debug|x86.ActiveCfg = Debug|Win32
		{9D17A08B-D5B7-490A-A88B-156D918B0737}.Debug|x86.Build.0 = Debug|Win32
		{9D17A08B-D5B7-490A-A88B-156D918B0737}.Release|x64.ActiveCfg = Release|x64
		{9D17A08B-D5B7-490A-A88B-156D918B0737}.Release|x64.Build.0 = Release|x64
		{9D17A08B-D5B7-490A-A88B-156D918B0737}.Release|x86.ActiveCfg = Release|Win32
		{9D17A08B-D5B7-490A-A88B-156D918B0737}.Release|x86.Build.0 = Release|Win32
	EndGlobalSection
	GlobalSection(SolutionProperties) = preSolution
		HideSolutionNode = FALSE
	EndGlobalSection
	GlobalSection(ExtensibilityGlobals) = postSolution
		SolutionGuid = {4AC0BA69-3988-4CF4-94F3-BB05DB773034}
	EndGlobalSection
EndGlobal
