
Microsoft Visual Studio Solution File, Format Version 12.00
# Visual Studio Version 17
VisualStudioVersion = 17.11.35327.3
MinimumVisualStudioVersion = 10.0.40219.1
Project("{8BC9CEB8-8B4A-11D0-8D11-00A0C91BC942}") = "02_01_函数模板定义", "02_01_函数模板定义.vcxproj", "{5A7E3720-25EA-4BAF-B1D6-B75C991290B0}"
EndProject
Global
	GlobalSection(SolutionConfigurationPlatforms) = preSolution
		Debug|x64 = Debug|x64
		Debug|x86 = Debug|x86
		Release|x64 = Release|x64
		Release|x86 = Release|x86
	EndGlobalSection
	GlobalSection(ProjectConfigurationPlatforms) = postSolution
		{5A7E3720-25EA-4BAF-B1D6-B75C991290B0}.Debug|x64.ActiveCfg = Debug|x64
		{5A7E3720-25EA-4BAF-B1D6-B75C991290B0}.Debug|x64.Build.0 = Debug|x64
		{5A7E3720-25EA-4BAF-B1D6-B75C991290B0}.Debug|x86.ActiveCfg = Debug|Win32
		{5A7E3720-25EA-4BAF-B1D6-B75C991290B0}.Debug|x86.Build.0 = Debug|Win32
		{5A7E3720-25EA-4BAF-B1D6-B75C991290B0}.Release|x64.ActiveCfg = Release|x64
		{5A7E3720-25EA-4BAF-B1D6-B75C991290B0}.Release|x64.Build.0 = Release|x64
		{5A7E3720-25EA-4BAF-B1D6-B75C991290B0}.Release|x86.ActiveCfg = Release|Win32
		{5A7E3720-25EA-4BAF-B1D6-B75C991290B0}.Release|x86.Build.0 = Release|Win32
	EndGlobalSection
	GlobalSection(SolutionProperties) = preSolution
		HideSolutionNode = FALSE
	EndGlobalSection
	GlobalSection(ExtensibilityGlobals) = postSolution
		SolutionGuid = {87DD37A7-188F-4428-876C-4043D99A2ED7}
	EndGlobalSection
EndGlobal
